
Microsoft Visual Studio Solution File, Format Version 12.00
# Visual Studio 15
VisualStudioVersion = 15.0.26403.3
MinimumVisualStudioVersion = 10.0.40219.1
Project("{FAE04EC0-301F-11D3-BF4B-00C04F79EFBC}") = "FindStatics", "FindStatics\FindStatics\FindStatics.csproj", "{7699EE66-2F8B-467B-B52B-0120F1F28D07}"
EndProject
Project("{FAE04EC0-301F-11D3-BF4B-00C04F79EFBC}") = "FindStatics.Vsix", "FindStatics\FindStatics.Vsix\FindStatics.Vsix.csproj", "{817A79C0-2F82-4C74-9F3D-9B5AB3E1ACA6}"
EndProject
Project("{FAE04EC0-301F-11D3-BF4B-00C04F79EFBC}") = "TestProgram", "TestProgram\TestProgram.csproj", "{43EA369D-B167-4B3A-B341-6E14EA1B59E8}"
EndProject
Global
	GlobalSection(SolutionConfigurationPlatforms) = preSolution
		Debug|Any CPU = Debug|Any CPU
		Release|Any CPU = Release|Any CPU
	EndGlobalSection
	GlobalSection(ProjectConfigurationPlatforms) = postSolution
		{7699EE66-2F8B-467B-B52B-0120F1F28D07}.Debug|Any CPU.ActiveCfg = Debug|Any CPU
		{7699EE66-2F8B-467B-B52B-0120F1F28D07}.Debug|Any CPU.Build.0 = Debug|Any CPU
		{7699EE66-2F8B-467B-B52B-0120F1F28D07}.Release|Any CPU.ActiveCfg = Release|Any CPU
		{7699EE66-2F8B-467B-B52B-0120F1F28D07}.Release|Any CPU.Build.0 = Release|Any CPU
		{817A79C0-2F82-4C74-9F3D-9B5AB3E1ACA6}.Debug|Any CPU.ActiveCfg = Debug|Any CPU
		{817A79C0-2F82-4C74-9F3D-9B5AB3E1ACA6}.Debug|Any CPU.Build.0 = Debug|Any CPU
		{817A79C0-2F82-4C74-9F3D-9B5AB3E1ACA6}.Release|Any CPU.ActiveCfg = Release|Any CPU
		{817A79C0-2F82-4C74-9F3D-9B5AB3E1ACA6}.Release|Any CPU.Build.0 = Release|Any CPU
		{43EA369D-B167-4B3A-B341-6E14EA1B59E8}.Debug|Any CPU.ActiveCfg = Debug|Any CPU
		{43EA369D-B167-4B3A-B341-6E14EA1B59E8}.Debug|Any CPU.Build.0 = Debug|Any CPU
		{43EA369D-B167-4B3A-B341-6E14EA1B59E8}.Release|Any CPU.ActiveCfg = Release|Any CPU
		{43EA369D-B167-4B3A-B341-6E14EA1B59E8}.Release|Any CPU.Build.0 = Release|Any CPU
	EndGlobalSection
	GlobalSection(SolutionProperties) = preSolution
		HideSolutionNode = FALSE
	EndGlobalSection
EndGlobal
